# THIS IS AN AUTOGENERATED FILE. DO NOT EDIT THIS FILE DIRECTLY.
# yarn lockfile v1


"@babel/code-frame@^7.0.0":
  version "7.8.3"
  resolved "https://artifactory.ext.national.com.au:443/artifactory/api/npm/node/@babel/code-frame/-/code-frame-7.8.3.tgz#33e25903d7481181534e12ec0a25f16b6fcf419e"
  integrity sha1-M+JZA9dIEYFTThLsCiXxa2/PQZ4=
  dependencies:
    "@babel/highlight" "^7.8.3"

"@babel/helper-validator-identifier@^7.9.0":
  version "7.9.5"
  resolved "https://artifactory.ext.national.com.au:443/artifactory/api/npm/node/@babel/helper-validator-identifier/-/helper-validator-identifier-7.9.5.tgz#90977a8e6fbf6b431a7dc31752eee233bf052d80"
  integrity sha1-kJd6jm+/a0MafcMXUu7iM78FLYA=

"@babel/highlight@^7.8.3":
  version "7.9.0"
  resolved "https://artifactory.ext.national.com.au:443/artifactory/api/npm/node/@babel/highlight/-/highlight-7.9.0.tgz#4e9b45ccb82b79607271b2979ad82c7b68163079"
  integrity sha1-TptFzLgreWBycbKXmtgse2gWMHk=
  dependencies:
    "@babel/helper-validator-identifier" "^7.9.0"
    chalk "^2.0.0"
    js-tokens "^4.0.0"

"@babel/runtime@^7.0.0":
  version "7.9.2"
  resolved "https://artifactory.ext.national.com.au:443/artifactory/api/npm/node/@babel/runtime/-/runtime-7.9.2.tgz#d90df0583a3a252f09aaa619665367bae518db06"
  integrity sha1-2Q3wWDo6JS8JqqYZZlNnuuUY2wY=
  dependencies:
    regenerator-runtime "^0.13.4"

"@nodelib/fs.scandir@2.1.3":
  version "2.1.3"
  resolved "https://artifactory.ext.national.com.au:443/artifactory/api/npm/node/@nodelib/fs.scandir/-/fs.scandir-2.1.3.tgz#3a582bdb53804c6ba6d146579c46e52130cf4a3b"
  integrity sha1-Olgr21OATGum0UZXnEblITDPSjs=
  dependencies:
    "@nodelib/fs.stat" "2.0.3"
    run-parallel "^1.1.9"

"@nodelib/fs.stat@2.0.3", "@nodelib/fs.stat@^2.0.2":
  version "2.0.3"
  resolved "https://artifactory.ext.national.com.au:443/artifactory/api/npm/node/@nodelib/fs.stat/-/fs.stat-2.0.3.tgz#34dc5f4cabbc720f4e60f75a747e7ecd6c175bd3"
  integrity sha1-NNxfTKu8cg9OYPdadH5+zWwXW9M=

"@nodelib/fs.walk@^1.2.3":
  version "1.2.4"
  resolved "https://artifactory.ext.national.com.au:443/artifactory/api/npm/node/@nodelib/fs.walk/-/fs.walk-1.2.4.tgz#011b9202a70a6366e436ca5c065844528ab04976"
  integrity sha1-ARuSAqcKY2bkNspcBlhEUoqwSXY=
  dependencies:
    "@nodelib/fs.scandir" "2.1.3"
    fastq "^1.6.0"

"@stoplight/json-ref-readers@^1.1.1":
  version "1.1.1"
  resolved "https://artifactory.ext.national.com.au:443/artifactory/api/npm/node/@stoplight/json-ref-readers/-/json-ref-readers-1.1.1.tgz#7c6c7cce7ac01e840cf56eaee10f2476b6f4a644"
  integrity sha1-fGx8znrAHoQM9W6u4Q8kdrb0pkQ=
  dependencies:
    node-fetch "^2.6.0"

"@stoplight/json-ref-resolver@^3.0.6":
  version "3.0.8"
  resolved "https://artifactory.ext.national.com.au:443/artifactory/api/npm/node/@stoplight/json-ref-resolver/-/json-ref-resolver-3.0.8.tgz#8f1e1b6543a0c30b85944b1b22879aa9ab5ff183"
  integrity sha1-jx4bZUOgwwuFlEsbIoeaqatf8YM=
  dependencies:
    "@stoplight/json" "^3.1.2"
    "@stoplight/path" "^1.3.0"
    "@stoplight/types" "^11.1.1"
    "@types/urijs" "^1.19"
    dependency-graph "~0.8.0"
    fast-memoize "^2.5.1"
    immer "^4.0.1"
    lodash "^4.17.15"
    tslib "^1.10.0"
    urijs "~1.19.1"

"@stoplight/json@^3.1.2", "@stoplight/json@^3.6.0":
  version "3.6.0"
  resolved "https://artifactory.ext.national.com.au:443/artifactory/api/npm/node/@stoplight/json/-/json-3.6.0.tgz#51ab4c677ec5aadcffd5c6ed67b6dbf51a5f93ba"
  integrity sha1-UatMZ37Fqtz/1cbtZ7bb9Rpfk7o=
  dependencies:
    "@stoplight/types" "^11.4.0"
    jsonc-parser "~2.2.0"
    lodash "^4.17.15"
    safe-stable-stringify "^1.1"

"@stoplight/path@^1.3.0":
  version "1.3.1"
  resolved "https://artifactory.ext.national.com.au:443/artifactory/api/npm/node/@stoplight/path/-/path-1.3.1.tgz#1246c983279af20dcfb806d138add9f81cb1efd2"
  integrity sha1-EkbJgyea8g3PuAbROK3Z+Byx79I=

"@stoplight/spectral@^5.3.0":
  version "5.3.0"
  resolved "https://artifactory.ext.national.com.au:443/artifactory/api/npm/node/@stoplight/spectral/-/spectral-5.3.0.tgz#6807233000ec9f1593c343f74aecde8e6d3e04bf"
  integrity sha1-aAcjMADsnxWTw0P3Suzejm0+BL8=
  dependencies:
    "@stoplight/json" "^3.6.0"
    "@stoplight/json-ref-readers" "^1.1.1"
    "@stoplight/json-ref-resolver" "^3.0.6"
    "@stoplight/path" "^1.3.0"
    "@stoplight/types" "^11.2.0"
    "@stoplight/yaml" "^3.7.0"
    abort-controller "^3.0.0"
    ajv "^6.10"
    ajv-oai "^1.1.5"
    better-ajv-errors "^0.6.7"
    blueimp-md5 "^2.12.0"
    chalk "^3.0.0"
    eol "^0.9.1"
    fast-glob "^3.1.0"
    jsonpath-plus "~2.0"
    lodash ">=4.17.5"
    nanoid "^2.1.11"
    node-fetch "^2.6"
    proxy-agent "^3.1.1"
    strip-ansi "^6.0"
    text-table "^0.2"
    tslib "^1.10.0"
    yargs "^15.0.2"

"@stoplight/types@^11.1.1", "@stoplight/types@^11.2.0", "@stoplight/types@^11.4.0":
  version "11.6.0"
  resolved "https://artifactory.ext.national.com.au:443/artifactory/api/npm/node/@stoplight/types/-/types-11.6.0.tgz#c4507f564ea4be719f66ae2fd2bb83f4719c2210"
  integrity sha1-xFB/Vk6kvnGfZq4v0ruD9HGcIhA=
  dependencies:
    "@types/json-schema" "^7.0.4"
    utility-types "^3.10.0"

"@stoplight/yaml-ast-parser@0.0.45":
  version "0.0.45"
  resolved "https://artifactory.ext.national.com.au:443/artifactory/api/npm/node/@stoplight/yaml-ast-parser/-/yaml-ast-parser-0.0.45.tgz#672c0a1511d581843be5a9c55899ca95a30dcadb"
  integrity sha1-ZywKFRHVgYQ75anFWJnKlaMNyts=

"@stoplight/yaml@^3.7.0":
  version "3.7.1"
  resolved "https://artifactory.ext.national.com.au:443/artifactory/api/npm/node/@stoplight/yaml/-/yaml-3.7.1.tgz#34e8f9d1f8101bf2cdf4b7e6b4c6ba5c77a76b8c"
  integrity sha1-NOj50fgQG/LN9LfmtMa6XHena4w=
  dependencies:
    "@stoplight/types" "^11.1.1"
    "@stoplight/yaml-ast-parser" "0.0.45"
    lodash "^4.17.15"

"@types/color-name@^1.1.1":
  version "1.1.1"
  resolved "https://artifactory.ext.national.com.au:443/artifactory/api/npm/node/@types/color-name/-/color-name-1.1.1.tgz#1c1261bbeaa10a8055bbc5d8ab84b7b2afc846a0"
  integrity sha1-HBJhu+qhCoBVu8XYq4S3sq/IRqA=

"@types/json-schema@^7.0.4":
  version "7.0.4"
  resolved "https://artifactory.ext.national.com.au:443/artifactory/api/npm/node/@types/json-schema/-/json-schema-7.0.4.tgz#38fd73ddfd9b55abb1e1b2ed578cb55bd7b7d339"
  integrity sha1-OP1z3f2bVaux4bLtV4y1W9e30zk=

"@types/urijs@^1.19":
  version "1.19.8"
  resolved "https://artifactory.ext.national.com.au:443/artifactory/api/npm/node/@types/urijs/-/urijs-1.19.8.tgz#a66b2fd8b1d3cf3ef5bae7ca093b7d1b50e48c0a"
  integrity sha1-pmsv2LHTzz71uufKCTt9G1DkjAo=

abort-controller@^3.0.0:
  version "3.0.0"
  resolved "https://artifactory.ext.national.com.au:443/artifactory/api/npm/node/abort-controller/-/abort-controller-3.0.0.tgz#eaf54d53b62bae4138e809ca225c8439a6efb392"
  integrity sha1-6vVNU7YrrkE46AnKIlyEOabvs5I=
  dependencies:
    event-target-shim "^5.0.0"

agent-base@4, agent-base@^4.2.0, agent-base@^4.3.0:
  version "4.3.0"
  resolved "https://artifactory.ext.national.com.au:443/artifactory/api/npm/node/agent-base/-/agent-base-4.3.0.tgz#8165f01c436009bccad0b1d122f05ed770efc6ee"
  integrity sha1-gWXwHENgCbzK0LHRIvBe13Dvxu4=
  dependencies:
    es6-promisify "^5.0.0"

agent-base@~4.2.1:
  version "4.2.1"
  resolved "https://artifactory.ext.national.com.au:443/artifactory/api/npm/node/agent-base/-/agent-base-4.2.1.tgz#d89e5999f797875674c07d87f260fc41e83e8ca9"
  integrity sha1-2J5ZmfeXh1Z0wH2H8mD8Qeg+jKk=
  dependencies:
    es6-promisify "^5.0.0"

ajv-oai@^1.1.5:
  version "1.2.0"
  resolved "https://artifactory.ext.national.com.au:443/artifactory/api/npm/node/ajv-oai/-/ajv-oai-1.2.0.tgz#93ba0d3c64edf55e575c9d9f52fe494251c5b6d0"
  integrity sha1-k7oNPGTt9V5XXJ2fUv5JQlHFttA=
  dependencies:
    decimal.js "^10.2.0"

ajv@^6.10:
  version "6.12.0"
  resolved "https://artifactory.ext.national.com.au:443/artifactory/api/npm/node/ajv/-/ajv-6.12.0.tgz#06d60b96d87b8454a5adaba86e7854da629db4b7"
  integrity sha1-BtYLlth7hFSlrauobnhU2mKdtLc=
  dependencies:
    fast-deep-equal "^3.1.1"
    fast-json-stable-stringify "^2.0.0"
    json-schema-traverse "^0.4.1"
    uri-js "^4.2.2"

ansi-regex@^5.0.0:
  version "5.0.0"
  resolved "https://artifactory.ext.national.com.au:443/artifactory/api/npm/node/ansi-regex/-/ansi-regex-5.0.0.tgz#388539f55179bf39339c81af30a654d69f87cb75"
  integrity sha1-OIU59VF5vzkznIGvMKZU1p+Hy3U=

ansi-styles@^3.2.1:
  version "3.2.1"
  resolved "https://artifactory.ext.national.com.au:443/artifactory/api/npm/node/ansi-styles/-/ansi-styles-3.2.1.tgz#41fbb20243e50b12be0f04b8dedbf07520ce841d"
  integrity sha1-QfuyAkPlCxK+DwS43tvwdSDOhB0=
  dependencies:
    color-convert "^1.9.0"

ansi-styles@^4.0.0, ansi-styles@^4.1.0:
  version "4.2.1"
  resolved "https://artifactory.ext.national.com.au:443/artifactory/api/npm/node/ansi-styles/-/ansi-styles-4.2.1.tgz#90ae75c424d008d2624c5bf29ead3177ebfcf359"
  integrity sha1-kK51xCTQCNJiTFvynq0xd+v881k=
  dependencies:
    "@types/color-name" "^1.1.1"
    color-convert "^2.0.1"

ast-types@0.x.x:
  version "0.13.3"
  resolved "https://artifactory.ext.national.com.au:443/artifactory/api/npm/node/ast-types/-/ast-types-0.13.3.tgz#50da3f28d17bdbc7969a3a2d83a0e4a72ae755a7"
  integrity sha1-UNo/KNF728eWmjotg6DkpyrnVac=

better-ajv-errors@^0.6.7:
  version "0.6.7"
  resolved "https://artifactory.ext.national.com.au:443/artifactory/api/npm/node/better-ajv-errors/-/better-ajv-errors-0.6.7.tgz#b5344af1ce10f434fe02fc4390a5a9c811e470d1"
  integrity sha1-tTRK8c4Q9DT+AvxDkKWpyBHkcNE=
  dependencies:
    "@babel/code-frame" "^7.0.0"
    "@babel/runtime" "^7.0.0"
    chalk "^2.4.1"
    core-js "^3.2.1"
    json-to-ast "^2.0.3"
    jsonpointer "^4.0.1"
    leven "^3.1.0"

blueimp-md5@^2.12.0:
  version "2.13.0"
  resolved "https://artifactory.ext.national.com.au:443/artifactory/api/npm/node/blueimp-md5/-/blueimp-md5-2.13.0.tgz#07314b0c64dda0bf1733f96ce40d5af94eb28965"
  integrity sha1-BzFLDGTdoL8XM/ls5A1a+U6yiWU=

braces@^3.0.1:
  version "3.0.2"
  resolved "https://artifactory.ext.national.com.au:443/artifactory/api/npm/node/braces/-/braces-3.0.2.tgz#3454e1a462ee8d599e236df336cd9ea4f8afe107"
  integrity sha1-NFThpGLujVmeI23zNs2epPiv4Qc=
  dependencies:
    fill-range "^7.0.1"

bytes@3.1.0:
  version "3.1.0"
  resolved "https://artifactory.ext.national.com.au:443/artifactory/api/npm/node/bytes/-/bytes-3.1.0.tgz#f6cf7933a360e0588fa9fde85651cdc7f805d1f6"
  integrity sha1-9s95M6Ng4FiPqf3oVlHNx/gF0fY=

camelcase@^5.0.0:
  version "5.3.1"
  resolved "https://artifactory.ext.national.com.au:443/artifactory/api/npm/node/camelcase/-/camelcase-5.3.1.tgz#e3c9b31569e106811df242f715725a1f4c494320"
  integrity sha1-48mzFWnhBoEd8kL3FXJaH0xJQyA=

chalk@^2.0.0, chalk@^2.4.1:
  version "2.4.2"
  resolved "https://artifactory.ext.national.com.au:443/artifactory/api/npm/node/chalk/-/chalk-2.4.2.tgz#cd42541677a54333cf541a49108c1432b44c9424"
  integrity sha1-zUJUFnelQzPPVBpJEIwUMrRMlCQ=
  dependencies:
    ansi-styles "^3.2.1"
    escape-string-regexp "^1.0.5"
    supports-color "^5.3.0"

chalk@^3.0.0:
  version "3.0.0"
  resolved "https://artifactory.ext.national.com.au:443/artifactory/api/npm/node/chalk/-/chalk-3.0.0.tgz#3f73c2bf526591f574cc492c51e2456349f844e4"
  integrity sha1-P3PCv1JlkfV0zEksUeJFY0n4ROQ=
  dependencies:
    ansi-styles "^4.1.0"
    supports-color "^7.1.0"

cliui@^6.0.0:
  version "6.0.0"
  resolved "https://artifactory.ext.national.com.au:443/artifactory/api/npm/node/cliui/-/cliui-6.0.0.tgz#511d702c0c4e41ca156d7d0e96021f23e13225b1"
  integrity sha1-UR1wLAxOQcoVbX0OlgIfI+EyJbE=
  dependencies:
    string-width "^4.2.0"
    strip-ansi "^6.0.0"
    wrap-ansi "^6.2.0"

co@^4.6.0:
  version "4.6.0"
  resolved "https://artifactory.ext.national.com.au:443/artifactory/api/npm/node/co/-/co-4.6.0.tgz#6ea6bdf3d853ae54ccb8e47bfa0bf3f9031fb184"
  integrity sha1-bqa989hTrlTMuOR7+gvz+QMfsYQ=

code-error-fragment@0.0.230:
  version "0.0.230"
  resolved "https://artifactory.ext.national.com.au:443/artifactory/api/npm/node/code-error-fragment/-/code-error-fragment-0.0.230.tgz#d736d75c832445342eca1d1fedbf17d9618b14d7"
  integrity sha1-1zbXXIMkRTQuyh0f7b8X2WGLFNc=

color-convert@^1.9.0:
  version "1.9.3"
  resolved "https://artifactory.ext.national.com.au:443/artifactory/api/npm/node/color-convert/-/color-convert-1.9.3.tgz#bb71850690e1f136567de629d2d5471deda4c1e8"
  integrity sha1-u3GFBpDh8TZWfeYp0tVHHe2kweg=
  dependencies:
    color-name "1.1.3"

color-convert@^2.0.1:
  version "2.0.1"
  resolved "https://artifactory.ext.national.com.au:443/artifactory/api/npm/node/color-convert/-/color-convert-2.0.1.tgz#72d3a68d598c9bdb3af2ad1e84f21d896abd4de3"
  integrity sha1-ctOmjVmMm9s68q0ehPIdiWq9TeM=
  dependencies:
    color-name "~1.1.4"

color-name@1.1.3:
  version "1.1.3"
  resolved "https://artifactory.ext.national.com.au:443/artifactory/api/npm/node/color-name/-/color-name-1.1.3.tgz#a7d0558bd89c42f795dd42328f740831ca53bc25"
  integrity sha1-p9BVi9icQveV3UIyj3QIMcpTvCU=

color-name@~1.1.4:
  version "1.1.4"
  resolved "https://artifactory.ext.national.com.au:443/artifactory/api/npm/node/color-name/-/color-name-1.1.4.tgz#c2a09a87acbde69543de6f63fa3995c826c536a2"
  integrity sha1-wqCah6y95pVD3m9j+jmVyCbFNqI=

core-js@^3.2.1:
  version "3.6.5"
  resolved "https://artifactory.ext.national.com.au:443/artifactory/api/npm/node/core-js/-/core-js-3.6.5.tgz#7395dc273af37fb2e50e9bd3d9fe841285231d1a"
  integrity sha1-c5XcJzrzf7LlDpvT2f6EEoUjHRo=

core-util-is@~1.0.0:
  version "1.0.2"
  resolved "https://artifactory.ext.national.com.au:443/artifactory/api/npm/node/core-util-is/-/core-util-is-1.0.2.tgz#b5fd54220aa2bc5ab57aab7140c940754503c1a7"
  integrity sha1-tf1UIgqivFq1eqtxQMlAdUUDwac=

data-uri-to-buffer@1:
  version "1.2.0"
  resolved "https://artifactory.ext.national.com.au:443/artifactory/api/npm/node/data-uri-to-buffer/-/data-uri-to-buffer-1.2.0.tgz#77163ea9c20d8641b4707e8f18abdf9a78f34835"
  integrity sha1-dxY+qcINhkG0cH6PGKvfmnjzSDU=

debug@2:
  version "2.6.9"
  resolved "https://artifactory.ext.national.com.au:443/artifactory/api/npm/node/debug/-/debug-2.6.9.tgz#5d128515df134ff327e90a4c93f4e077a536341f"
  integrity sha1-XRKFFd8TT/Mn6QpMk/Tgd6U2NB8=
  dependencies:
    ms "2.0.0"

debug@3.1.0:
  version "3.1.0"
  resolved "https://artifactory.ext.national.com.au:443/artifactory/api/npm/node/debug/-/debug-3.1.0.tgz#5bb5a0672628b64149566ba16819e61518c67261"
  integrity sha1-W7WgZyYotkFJVmuhaBnmFRjGcmE=
  dependencies:
    ms "2.0.0"

debug@4, debug@^4.1.1:
  version "4.1.1"
  resolved "https://artifactory.ext.national.com.au:443/artifactory/api/npm/node/debug/-/debug-4.1.1.tgz#3b72260255109c6b589cee050f1d516139664791"
  integrity sha1-O3ImAlUQnGtYnO4FDx1RYTlmR5E=
  dependencies:
    ms "^2.1.1"

debug@^3.1.0:
  version "3.2.6"
  resolved "https://artifactory.ext.national.com.au:443/artifactory/api/npm/node/debug/-/debug-3.2.6.tgz#e83d17de16d8a7efb7717edbe5fb10135eee629b"
  integrity sha1-6D0X3hbYp++3cX7b5fsQE17uYps=
  dependencies:
    ms "^2.1.1"

decamelize@^1.2.0:
  version "1.2.0"
  resolved "https://artifactory.ext.national.com.au:443/artifactory/api/npm/node/decamelize/-/decamelize-1.2.0.tgz#f6534d15148269b20352e7bee26f501f9a191290"
  integrity sha1-9lNNFRSCabIDUue+4m9QH5oZEpA=

decimal.js@^10.2.0:
  version "10.2.0"
  resolved "https://artifactory.ext.national.com.au:443/artifactory/api/npm/node/decimal.js/-/decimal.js-10.2.0.tgz#39466113a9e036111d02f82489b5fd6b0b5ed231"
  integrity sha1-OUZhE6ngNhEdAvgkibX9awte0jE=

deep-is@~0.1.3:
  version "0.1.3"
  resolved "https://artifactory.ext.national.com.au:443/artifactory/api/npm/node/deep-is/-/deep-is-0.1.3.tgz#b369d6fb5dbc13eecf524f91b070feedc357cf34"
  integrity sha1-s2nW+128E+7PUk+RsHD+7cNXzzQ=

degenerator@^1.0.4:
  version "1.0.4"
  resolved "https://artifactory.ext.national.com.au:443/artifactory/api/npm/node/degenerator/-/degenerator-1.0.4.tgz#fcf490a37ece266464d9cc431ab98c5819ced095"
  integrity sha1-/PSQo37OJmRk2cxDGrmMWBnO0JU=
  dependencies:
    ast-types "0.x.x"
    escodegen "1.x.x"
    esprima "3.x.x"

depd@~1.1.2:
  version "1.1.2"
  resolved "https://artifactory.ext.national.com.au:443/artifactory/api/npm/node/depd/-/depd-1.1.2.tgz#9bcd52e14c097763e749b274c4346ed2e560b5a9"
  integrity sha1-m81S4UwJd2PnSbJ0xDRu0uVgtak=

dependency-graph@~0.8.0:
  version "0.8.1"
  resolved "https://artifactory.ext.national.com.au:443/artifactory/api/npm/node/dependency-graph/-/dependency-graph-0.8.1.tgz#9b8cae3aa2c7bd95ccb3347a09a2d1047a6c3c5a"
  integrity sha1-m4yuOqLHvZXMszR6CaLRBHpsPFo=

emoji-regex@^8.0.0:
  version "8.0.0"
  resolved "https://artifactory.ext.national.com.au:443/artifactory/api/npm/node/emoji-regex/-/emoji-regex-8.0.0.tgz#e818fd69ce5ccfcb404594f842963bf53164cc37"
  integrity sha1-6Bj9ac5cz8tARZT4QpY79TFkzDc=

eol@^0.9.1:
  version "0.9.1"
  resolved "https://artifactory.ext.national.com.au:443/artifactory/api/npm/node/eol/-/eol-0.9.1.tgz#f701912f504074be35c6117a5c4ade49cd547acd"
  integrity sha1-9wGRL1BAdL41xhF6XEreSc1Ues0=

es6-promise@^4.0.3:
  version "4.2.8"
  resolved "https://artifactory.ext.national.com.au:443/artifactory/api/npm/node/es6-promise/-/es6-promise-4.2.8.tgz#4eb21594c972bc40553d276e510539143db53e0a"
  integrity sha1-TrIVlMlyvEBVPSduUQU5FD21Pgo=

es6-promisify@^5.0.0:
  version "5.0.0"
  resolved "https://artifactory.ext.national.com.au:443/artifactory/api/npm/node/es6-promisify/-/es6-promisify-5.0.0.tgz#5109d62f3e56ea967c4b63505aef08291c8a5203"
  integrity sha1-UQnWLz5W6pZ8S2NQWu8IKRyKUgM=
  dependencies:
    es6-promise "^4.0.3"

escape-string-regexp@^1.0.5:
  version "1.0.5"
  resolved "https://artifactory.ext.national.com.au:443/artifactory/api/npm/node/escape-string-regexp/-/escape-string-regexp-1.0.5.tgz#1b61c0562190a8dff6ae3bb2cf0200ca130b86d4"
  integrity sha1-G2HAViGQqN/2rjuyzwIAyhMLhtQ=

escodegen@1.x.x:
  version "1.14.1"
  resolved "https://artifactory.ext.national.com.au:443/artifactory/api/npm/node/escodegen/-/escodegen-1.14.1.tgz#ba01d0c8278b5e95a9a45350142026659027a457"
  integrity sha1-ugHQyCeLXpWppFNQFCAmZZAnpFc=
  dependencies:
    esprima "^4.0.1"
    estraverse "^4.2.0"
    esutils "^2.0.2"
    optionator "^0.8.1"
  optionalDependencies:
    source-map "~0.6.1"

esprima@3.x.x:
  version "3.1.3"
  resolved "https://artifactory.ext.national.com.au:443/artifactory/api/npm/node/esprima/-/esprima-3.1.3.tgz#fdca51cee6133895e3c88d535ce49dbff62a4633"
  integrity sha1-/cpRzuYTOJXjyI1TXOSdv/YqRjM=

esprima@^4.0.1:
  version "4.0.1"
  resolved "https://artifactory.ext.national.com.au:443/artifactory/api/npm/node/esprima/-/esprima-4.0.1.tgz#13b04cdb3e6c5d19df91ab6987a8695619b0aa71"
  integrity sha1-E7BM2z5sXRnfkatph6hpVhmwqnE=

estraverse@^4.2.0:
  version "4.3.0"
  resolved "https://artifactory.ext.national.com.au:443/artifactory/api/npm/node/estraverse/-/estraverse-4.3.0.tgz#398ad3f3c5a24948be7725e83d11a7de28cdbd1d"
  integrity sha1-OYrT88WiSUi+dyXoPRGn3ijNvR0=

esutils@^2.0.2:
  version "2.0.3"
  resolved "https://artifactory.ext.national.com.au:443/artifactory/api/npm/node/esutils/-/esutils-2.0.3.tgz#74d2eb4de0b8da1293711910d50775b9b710ef64"
  integrity sha1-dNLrTeC42hKTcRkQ1Qd1ubcQ72Q=

event-target-shim@^5.0.0:
  version "5.0.1"
  resolved "https://artifactory.ext.national.com.au:443/artifactory/api/npm/node/event-target-shim/-/event-target-shim-5.0.1.tgz#5d4d3ebdf9583d63a5333ce2deb7480ab2b05789"
  integrity sha1-XU0+vflYPWOlMzzi3rdICrKwV4k=

extend@~3.0.2:
  version "3.0.2"
  resolved "https://artifactory.ext.national.com.au:443/artifactory/api/npm/node/extend/-/extend-3.0.2.tgz#f8b1136b4071fbd8eb140aff858b1019ec2915fa"
  integrity sha1-+LETa0Bx+9jrFAr/hYsQGewpFfo=

fast-deep-equal@^3.1.1:
  version "3.1.1"
  resolved "https://artifactory.ext.national.com.au:443/artifactory/api/npm/node/fast-deep-equal/-/fast-deep-equal-3.1.1.tgz#545145077c501491e33b15ec408c294376e94ae4"
  integrity sha1-VFFFB3xQFJHjOxXsQIwpQ3bpSuQ=

fast-glob@^3.1.0:
  version "3.2.2"
  resolved "https://artifactory.ext.national.com.au:443/artifactory/api/npm/node/fast-glob/-/fast-glob-3.2.2.tgz#ade1a9d91148965d4bf7c51f72e1ca662d32e63d"
  integrity sha1-reGp2RFIll1L98UfcuHKZi0y5j0=
  dependencies:
    "@nodelib/fs.stat" "^2.0.2"
    "@nodelib/fs.walk" "^1.2.3"
    glob-parent "^5.1.0"
    merge2 "^1.3.0"
    micromatch "^4.0.2"
    picomatch "^2.2.1"

fast-json-stable-stringify@^2.0.0:
  version "2.1.0"
  resolved "https://artifactory.ext.national.com.au:443/artifactory/api/npm/node/fast-json-stable-stringify/-/fast-json-stable-stringify-2.1.0.tgz#874bf69c6f404c2b5d99c481341399fd55892633"
  integrity sha1-h0v2nG9ATCtdmcSBNBOZ/VWJJjM=

fast-levenshtein@~2.0.6:
  version "2.0.6"
  resolved "https://artifactory.ext.national.com.au:443/artifactory/api/npm/node/fast-levenshtein/-/fast-levenshtein-2.0.6.tgz#3d8a5c66883a16a30ca8643e851f19baa7797917"
  integrity sha1-PYpcZog6FqMMqGQ+hR8Zuqd5eRc=

fast-memoize@^2.5.1:
  version "2.5.2"
  resolved "https://artifactory.ext.national.com.au:443/artifactory/api/npm/node/fast-memoize/-/fast-memoize-2.5.2.tgz#79e3bb6a4ec867ea40ba0e7146816f6cdce9b57e"
  integrity sha1-eeO7ak7IZ+pAug5xRoFvbNzptX4=

fastq@^1.6.0:
  version "1.7.0"
  resolved "https://artifactory.ext.national.com.au:443/artifactory/api/npm/node/fastq/-/fastq-1.7.0.tgz#fcd79a08c5bd7ec5b55cd3f5c4720db551929801"
  integrity sha1-/NeaCMW9fsW1XNP1xHINtVGSmAE=
  dependencies:
    reusify "^1.0.4"

file-uri-to-path@1:
  version "1.0.0"
  resolved "https://artifactory.ext.national.com.au:443/artifactory/api/npm/node/file-uri-to-path/-/file-uri-to-path-1.0.0.tgz#553a7b8446ff6f684359c445f1e37a05dacc33dd"
  integrity sha1-VTp7hEb/b2hDWcRF8eN6BdrMM90=

fill-range@^7.0.1:
  version "7.0.1"
  resolved "https://artifactory.ext.national.com.au:443/artifactory/api/npm/node/fill-range/-/fill-range-7.0.1.tgz#1919a6a7c75fe38b2c7c77e5198535da9acdda40"
  integrity sha1-GRmmp8df44ssfHflGYU12prN2kA=
  dependencies:
    to-regex-range "^5.0.1"

find-up@^4.1.0:
  version "4.1.0"
  resolved "https://artifactory.ext.national.com.au:443/artifactory/api/npm/node/find-up/-/find-up-4.1.0.tgz#97afe7d6cdc0bc5928584b7c8d7b16e8a9aa5d19"
  integrity sha1-l6/n1s3AvFkoWEt8jXsW6KmqXRk=
  dependencies:
    locate-path "^5.0.0"
    path-exists "^4.0.0"

ftp@~0.3.10:
  version "0.3.10"
  resolved "https://artifactory.ext.national.com.au:443/artifactory/api/npm/node/ftp/-/ftp-0.3.10.tgz#9197d861ad8142f3e63d5a83bfe4c59f7330885d"
  integrity sha1-kZfYYa2BQvPmPVqDv+TFn3MwiF0=
  dependencies:
    readable-stream "1.1.x"
    xregexp "2.0.0"

get-caller-file@^2.0.1:
  version "2.0.5"
  resolved "https://artifactory.ext.national.com.au:443/artifactory/api/npm/node/get-caller-file/-/get-caller-file-2.0.5.tgz#4f94412a82db32f36e3b0b9741f8a97feb031f7e"
  integrity sha1-T5RBKoLbMvNuOwuXQfipf+sDH34=

get-uri@^2.0.0:
  version "2.0.4"
  resolved "https://artifactory.ext.national.com.au:443/artifactory/api/npm/node/get-uri/-/get-uri-2.0.4.tgz#d4937ab819e218d4cb5ae18e4f5962bef169cc6a"
  integrity sha1-1JN6uBniGNTLWuGOT1livvFpzGo=
  dependencies:
    data-uri-to-buffer "1"
    debug "2"
    extend "~3.0.2"
    file-uri-to-path "1"
    ftp "~0.3.10"
    readable-stream "2"

glob-parent@^5.1.0:
  version "5.1.1"
  resolved "https://artifactory.ext.national.com.au:443/artifactory/api/npm/node/glob-parent/-/glob-parent-5.1.1.tgz#b6c1ef417c4e5663ea498f1c45afac6916bbc229"
  integrity sha1-tsHvQXxOVmPqSY8cRa+saRa7wik=
  dependencies:
    is-glob "^4.0.1"

grapheme-splitter@^1.0.4:
  version "1.0.4"
  resolved "https://artifactory.ext.national.com.au:443/artifactory/api/npm/node/grapheme-splitter/-/grapheme-splitter-1.0.4.tgz#9cf3a665c6247479896834af35cf1dbb4400767e"
  integrity sha1-nPOmZcYkdHmJaDSvNc8du0QAdn4=

has-flag@^3.0.0:
  version "3.0.0"
  resolved "https://artifactory.ext.national.com.au:443/artifactory/api/npm/node/has-flag/-/has-flag-3.0.0.tgz#b5d454dc2199ae225699f3467e5a07f3b955bafd"
  integrity sha1-tdRU3CGZriJWmfNGfloH87lVuv0=

has-flag@^4.0.0:
  version "4.0.0"
  resolved "https://artifactory.ext.national.com.au:443/artifactory/api/npm/node/has-flag/-/has-flag-4.0.0.tgz#944771fd9c81c81265c4d6941860da06bb59479b"
  integrity sha1-lEdx/ZyByBJlxNaUGGDaBrtZR5s=

http-errors@1.7.3:
  version "1.7.3"
  resolved "https://artifactory.ext.national.com.au:443/artifactory/api/npm/node/http-errors/-/http-errors-1.7.3.tgz#6c619e4f9c60308c38519498c14fbb10aacebb06"
  integrity sha1-bGGeT5xgMIw4UZSYwU+7EKrOuwY=
  dependencies:
    depd "~1.1.2"
    inherits "2.0.4"
    setprototypeof "1.1.1"
    statuses ">= 1.5.0 < 2"
    toidentifier "1.0.0"

http-proxy-agent@^2.1.0:
  version "2.1.0"
  resolved "https://artifactory.ext.national.com.au:443/artifactory/api/npm/node/http-proxy-agent/-/http-proxy-agent-2.1.0.tgz#e4821beef5b2142a2026bd73926fe537631c5405"
  integrity sha1-5IIb7vWyFCogJr1zkm/lN2McVAU=
  dependencies:
    agent-base "4"
    debug "3.1.0"

https-proxy-agent@^3.0.0:
  version "3.0.1"
  resolved "https://artifactory.ext.national.com.au:443/artifactory/api/npm/node/https-proxy-agent/-/https-proxy-agent-3.0.1.tgz#b8c286433e87602311b01c8ea34413d856a4af81"
  integrity sha1-uMKGQz6HYCMRsByOo0QT2Fakr4E=
  dependencies:
    agent-base "^4.3.0"
    debug "^3.1.0"

iconv-lite@0.4.24:
  version "0.4.24"
  resolved "https://artifactory.ext.national.com.au:443/artifactory/api/npm/node/iconv-lite/-/iconv-lite-0.4.24.tgz#2022b4b25fbddc21d2f524974a474aafe733908b"
  integrity sha1-ICK0sl+93CHS9SSXSkdKr+czkIs=
  dependencies:
    safer-buffer ">= 2.1.2 < 3"

immer@^4.0.1:
  version "4.0.2"
  resolved "https://artifactory.ext.national.com.au:443/artifactory/api/npm/node/immer/-/immer-4.0.2.tgz#9ff0fcdf88e06f92618a5978ceecb5884e633559"
  integrity sha1-n/D834jgb5Jhill4zuy1iE5jNVk=

inherits@2.0.4, inherits@~2.0.1, inherits@~2.0.3:
  version "2.0.4"
  resolved "https://artifactory.ext.national.com.au:443/artifactory/api/npm/node/inherits/-/inherits-2.0.4.tgz#0fa2c64f932917c3433a0ded55363aae37416b7c"
  integrity sha1-D6LGT5MpF8NDOg3tVTY6rjdBa3w=

ip@1.1.5, ip@^1.1.5:
  version "1.1.5"
  resolved "https://artifactory.ext.national.com.au:443/artifactory/api/npm/node/ip/-/ip-1.1.5.tgz#bdded70114290828c0a039e72ef25f5aaec4354a"
  integrity sha1-vd7XARQpCCjAoDnnLvJfWq7ENUo=

is-extglob@^2.1.1:
  version "2.1.1"
  resolved "https://artifactory.ext.national.com.au:443/artifactory/api/npm/node/is-extglob/-/is-extglob-2.1.1.tgz#a88c02535791f02ed37c76a1b9ea9773c833f8c2"
  integrity sha1-qIwCU1eR8C7TfHahueqXc8gz+MI=

is-fullwidth-code-point@^3.0.0:
  version "3.0.0"
  resolved "https://artifactory.ext.national.com.au:443/artifactory/api/npm/node/is-fullwidth-code-point/-/is-fullwidth-code-point-3.0.0.tgz#f116f8064fe90b3f7844a38997c0b75051269f1d"
  integrity sha1-8Rb4Bk/pCz94RKOJl8C3UFEmnx0=

is-glob@^4.0.1:
  version "4.0.1"
  resolved "https://artifactory.ext.national.com.au:443/artifactory/api/npm/node/is-glob/-/is-glob-4.0.1.tgz#7567dbe9f2f5e2467bc77ab83c4a29482407a5dc"
  integrity sha1-dWfb6fL14kZ7x3q4PEopSCQHpdw=
  dependencies:
    is-extglob "^2.1.1"

is-number@^7.0.0:
  version "7.0.0"
  resolved "https://artifactory.ext.national.com.au:443/artifactory/api/npm/node/is-number/-/is-number-7.0.0.tgz#7535345b896734d5f80c4d06c50955527a14f12b"
  integrity sha1-dTU0W4lnNNX4DE0GxQlVUnoU8Ss=

isarray@0.0.1:
  version "0.0.1"
  resolved "https://artifactory.ext.national.com.au:443/artifactory/api/npm/node/isarray/-/isarray-0.0.1.tgz#8a18acfca9a8f4177e09abfc6038939b05d1eedf"
  integrity sha1-ihis/Kmo9Bd+Cav8YDiTmwXR7t8=

isarray@~1.0.0:
  version "1.0.0"
  resolved "https://artifactory.ext.national.com.au:443/artifactory/api/npm/node/isarray/-/isarray-1.0.0.tgz#bb935d48582cba168c06834957a54a3e07124f11"
  integrity sha1-u5NdSFgsuhaMBoNJV6VKPgcSTxE=

js-tokens@^4.0.0:
  version "4.0.0"
  resolved "https://artifactory.ext.national.com.au:443/artifactory/api/npm/node/js-tokens/-/js-tokens-4.0.0.tgz#19203fb59991df98e3a287050d4647cdeaf32499"
  integrity sha1-GSA/tZmR35jjoocFDUZHzerzJJk=

json-schema-traverse@^0.4.1:
  version "0.4.1"
  resolved "https://artifactory.ext.national.com.au:443/artifactory/api/npm/node/json-schema-traverse/-/json-schema-traverse-0.4.1.tgz#69f6a87d9513ab8bb8fe63bdb0979c448e684660"
  integrity sha1-afaofZUTq4u4/mO9sJecRI5oRmA=

json-to-ast@^2.0.3:
  version "2.1.0"
  resolved "https://artifactory.ext.national.com.au:443/artifactory/api/npm/node/json-to-ast/-/json-to-ast-2.1.0.tgz#041a9fcd03c0845036acb670d29f425cea4faaf9"
  integrity sha1-BBqfzQPAhFA2rLZw0p9CXOpPqvk=
  dependencies:
    code-error-fragment "0.0.230"
    grapheme-splitter "^1.0.4"

jsonc-parser@~2.2.0:
  version "2.2.1"
  resolved "https://artifactory.ext.national.com.au:443/artifactory/api/npm/node/jsonc-parser/-/jsonc-parser-2.2.1.tgz#db73cd59d78cce28723199466b2a03d1be1df2bc"
  integrity sha1-23PNWdeMzihyMZlGayoD0b4d8rw=

jsonpath-plus@~2.0:
  version "2.0.0"
  resolved "https://artifactory.ext.national.com.au:443/artifactory/api/npm/node/jsonpath-plus/-/jsonpath-plus-2.0.0.tgz#3ebf30b79e2262d69826084ba03c406a9de440a0"
  integrity sha1-Pr8wt54iYtaYJghLoDxAap3kQKA=

jsonpointer@^4.0.1:
  version "4.0.1"
  resolved "https://artifactory.ext.national.com.au:443/artifactory/api/npm/node/jsonpointer/-/jsonpointer-4.0.1.tgz#4fd92cb34e0e9db3c89c8622ecf51f9b978c6cb9"
  integrity sha1-T9kss04OnbPInIYi7PUfm5eMbLk=

leven@^3.1.0:
  version "3.1.0"
  resolved "https://artifactory.ext.national.com.au:443/artifactory/api/npm/node/leven/-/leven-3.1.0.tgz#77891de834064cccba82ae7842bb6b14a13ed7f2"
  integrity sha1-d4kd6DQGTMy6gq54QrtrFKE+1/I=

levn@~0.3.0:
  version "0.3.0"
  resolved "https://artifactory.ext.national.com.au:443/artifactory/api/npm/node/levn/-/levn-0.3.0.tgz#3b09924edf9f083c0490fdd4c0bc4421e04764ee"
  integrity sha1-OwmSTt+fCDwEkP3UwLxEIeBHZO4=
  dependencies:
    prelude-ls "~1.1.2"
    type-check "~0.3.2"

locate-path@^5.0.0:
  version "5.0.0"
  resolved "https://artifactory.ext.national.com.au:443/artifactory/api/npm/node/locate-path/-/locate-path-5.0.0.tgz#1afba396afd676a6d42504d0a67a3a7eb9f62aa0"
  integrity sha1-Gvujlq/WdqbUJQTQpno6frn2KqA=
  dependencies:
    p-locate "^4.1.0"

lodash@>=4.17.5, lodash@^4.17.15:
  version "4.17.15"
  resolved "https://artifactory.ext.national.com.au:443/artifactory/api/npm/node/lodash/-/lodash-4.17.15.tgz#b447f6670a0455bbfeedd11392eff330ea097548"
  integrity sha1-tEf2ZwoEVbv+7dETku/zMOoJdUg=

lru-cache@^5.1.1:
  version "5.1.1"
  resolved "https://artifactory.ext.national.com.au:443/artifactory/api/npm/node/lru-cache/-/lru-cache-5.1.1.tgz#1da27e6710271947695daf6848e847f01d84b920"
  integrity sha1-HaJ+ZxAnGUdpXa9oSOhH8B2EuSA=
  dependencies:
    yallist "^3.0.2"

merge2@^1.3.0:
  version "1.3.0"
  resolved "https://artifactory.ext.national.com.au:443/artifactory/api/npm/node/merge2/-/merge2-1.3.0.tgz#5b366ee83b2f1582c48f87e47cf1a9352103ca81"
  integrity sha1-WzZu6DsvFYLEj4fkfPGpNSEDyoE=

micromatch@^4.0.2:
  version "4.0.2"
  resolved "https://artifactory.ext.national.com.au:443/artifactory/api/npm/node/micromatch/-/micromatch-4.0.2.tgz#4fcb0999bf9fbc2fcbdd212f6d629b9a56c39259"
  integrity sha1-T8sJmb+fvC/L3SEvbWKbmlbDklk=
  dependencies:
    braces "^3.0.1"
    picomatch "^2.0.5"

ms@2.0.0:
  version "2.0.0"
  resolved "https://artifactory.ext.national.com.au:443/artifactory/api/npm/node/ms/-/ms-2.0.0.tgz#5608aeadfc00be6c2901df5f9861788de0d597c8"
  integrity sha1-VgiurfwAvmwpAd9fmGF4jeDVl8g=

ms@^2.1.1:
  version "2.1.2"
  resolved "https://artifactory.ext.national.com.au:443/artifactory/api/npm/node/ms/-/ms-2.1.2.tgz#d09d1f357b443f493382a8eb3ccd183872ae6009"
  integrity sha1-0J0fNXtEP0kzgqjrPM0YOHKuYAk=

nanoid@^2.1.11:
  version "2.1.11"
  resolved "https://artifactory.ext.national.com.au:443/artifactory/api/npm/node/nanoid/-/nanoid-2.1.11.tgz#ec24b8a758d591561531b4176a01e3ab4f0f0280"
  integrity sha1-7CS4p1jVkVYVMbQXagHjq08PAoA=

netmask@^1.0.6:
  version "1.0.6"
  resolved "https://artifactory.ext.national.com.au:443/artifactory/api/npm/node/netmask/-/netmask-1.0.6.tgz#20297e89d86f6f6400f250d9f4f6b4c1945fcd35"
  integrity sha1-ICl+idhvb2QA8lDZ9Pa0wZRfzTU=

node-fetch@^2.6, node-fetch@^2.6.0:
  version "2.6.0"
  resolved "https://artifactory.ext.national.com.au:443/artifactory/api/npm/node/node-fetch/-/node-fetch-2.6.0.tgz#e633456386d4aa55863f676a7ab0daa8fdecb0fd"
  integrity sha1-5jNFY4bUqlWGP2dqerDaqP3ssP0=

optionator@^0.8.1:
  version "0.8.3"
  resolved "https://artifactory.ext.national.com.au:443/artifactory/api/npm/node/optionator/-/optionator-0.8.3.tgz#84fa1d036fe9d3c7e21d99884b601167ec8fb495"
  integrity sha1-hPodA2/p08fiHZmIS2ARZ+yPtJU=
  dependencies:
    deep-is "~0.1.3"
    fast-levenshtein "~2.0.6"
    levn "~0.3.0"
    prelude-ls "~1.1.2"
    type-check "~0.3.2"
    word-wrap "~1.2.3"

p-limit@^2.2.0:
  version "2.3.0"
  resolved "https://artifactory.ext.national.com.au:443/artifactory/api/npm/node/p-limit/-/p-limit-2.3.0.tgz#3dd33c647a214fdfffd835933eb086da0dc21db1"
  integrity sha1-PdM8ZHohT9//2DWTPrCG2g3CHbE=
  dependencies:
    p-try "^2.0.0"

p-locate@^4.1.0:
  version "4.1.0"
  resolved "https://artifactory.ext.national.com.au:443/artifactory/api/npm/node/p-locate/-/p-locate-4.1.0.tgz#a3428bb7088b3a60292f66919278b7c297ad4f07"
  integrity sha1-o0KLtwiLOmApL2aRkni3wpetTwc=
  dependencies:
    p-limit "^2.2.0"

p-try@^2.0.0:
  version "2.2.0"
  resolved "https://artifactory.ext.national.com.au:443/artifactory/api/npm/node/p-try/-/p-try-2.2.0.tgz#cb2868540e313d61de58fafbe35ce9004d5540e6"
  integrity sha1-yyhoVA4xPWHeWPr741zpAE1VQOY=

pac-proxy-agent@^3.0.1:
  version "3.0.1"
  resolved "https://artifactory.ext.national.com.au:443/artifactory/api/npm/node/pac-proxy-agent/-/pac-proxy-agent-3.0.1.tgz#115b1e58f92576cac2eba718593ca7b0e37de2ad"
  integrity sha1-EVseWPkldsrC66cYWTynsON94q0=
  dependencies:
    agent-base "^4.2.0"
    debug "^4.1.1"
    get-uri "^2.0.0"
    http-proxy-agent "^2.1.0"
    https-proxy-agent "^3.0.0"
    pac-resolver "^3.0.0"
    raw-body "^2.2.0"
    socks-proxy-agent "^4.0.1"

pac-resolver@^3.0.0:
  version "3.0.0"
  resolved "https://artifactory.ext.national.com.au:443/artifactory/api/npm/node/pac-resolver/-/pac-resolver-3.0.0.tgz#6aea30787db0a891704deb7800a722a7615a6f26"
  integrity sha1-auoweH2wqJFwTet4AKcip2FabyY=
  dependencies:
    co "^4.6.0"
    degenerator "^1.0.4"
    ip "^1.1.5"
    netmask "^1.0.6"
    thunkify "^2.1.2"

path-exists@^4.0.0:
  version "4.0.0"
  resolved "https://artifactory.ext.national.com.au:443/artifactory/api/npm/node/path-exists/-/path-exists-4.0.0.tgz#513bdbe2d3b95d7762e8c1137efa195c6c61b5b3"
  integrity sha1-UTvb4tO5XXdi6METfvoZXGxhtbM=

picomatch@^2.0.5, picomatch@^2.2.1:
  version "2.2.2"
  resolved "https://artifactory.ext.national.com.au:443/artifactory/api/npm/node/picomatch/-/picomatch-2.2.2.tgz#21f333e9b6b8eaff02468f5146ea406d345f4dad"
  integrity sha1-IfMz6ba46v8CRo9RRupAbTRfTa0=

prelude-ls@~1.1.2:
  version "1.1.2"
  resolved "https://artifactory.ext.national.com.au:443/artifactory/api/npm/node/prelude-ls/-/prelude-ls-1.1.2.tgz#21932a549f5e52ffd9a827f570e04be62a97da54"
  integrity sha1-IZMqVJ9eUv/ZqCf1cOBL5iqX2lQ=

process-nextick-args@~2.0.0:
  version "2.0.1"
  resolved "https://artifactory.ext.national.com.au:443/artifactory/api/npm/node/process-nextick-args/-/process-nextick-args-2.0.1.tgz#7820d9b16120cc55ca9ae7792680ae7dba6d7fe2"
  integrity sha1-eCDZsWEgzFXKmud5JoCufbptf+I=

proxy-agent@^3.1.1:
  version "3.1.1"
  resolved "https://artifactory.ext.national.com.au:443/artifactory/api/npm/node/proxy-agent/-/proxy-agent-3.1.1.tgz#7e04e06bf36afa624a1540be247b47c970bd3014"
  integrity sha1-fgTga/Nq+mJKFUC+JHtHyXC9MBQ=
  dependencies:
    agent-base "^4.2.0"
    debug "4"
    http-proxy-agent "^2.1.0"
    https-proxy-agent "^3.0.0"
    lru-cache "^5.1.1"
    pac-proxy-agent "^3.0.1"
    proxy-from-env "^1.0.0"
    socks-proxy-agent "^4.0.1"

proxy-from-env@^1.0.0:
  version "1.1.0"
  resolved "https://artifactory.ext.national.com.au:443/artifactory/api/npm/node/proxy-from-env/-/proxy-from-env-1.1.0.tgz#e102f16ca355424865755d2c9e8ea4f24d58c3e2"
  integrity sha1-4QLxbKNVQkhldV0sno6k8k1Yw+I=

punycode@^2.1.0:
  version "2.1.1"
  resolved "https://artifactory.ext.national.com.au:443/artifactory/api/npm/node/punycode/-/punycode-2.1.1.tgz#b58b010ac40c22c5657616c8d2c2c02c7bf479ec"
  integrity sha1-tYsBCsQMIsVldhbI0sLALHv0eew=

raw-body@^2.2.0:
  version "2.4.1"
  resolved "https://artifactory.ext.national.com.au:443/artifactory/api/npm/node/raw-body/-/raw-body-2.4.1.tgz#30ac82f98bb5ae8c152e67149dac8d55153b168c"
  integrity sha1-MKyC+Yu1rowVLmcUnayNVRU7Fow=
  dependencies:
    bytes "3.1.0"
    http-errors "1.7.3"
    iconv-lite "0.4.24"
    unpipe "1.0.0"

readable-stream@1.1.x:
  version "1.1.14"
  resolved "https://artifactory.ext.national.com.au:443/artifactory/api/npm/node/readable-stream/-/readable-stream-1.1.14.tgz#7cf4c54ef648e3813084c636dd2079e166c081d9"
  integrity sha1-fPTFTvZI44EwhMY23SB54WbAgdk=
  dependencies:
    core-util-is "~1.0.0"
    inherits "~2.0.1"
    isarray "0.0.1"
    string_decoder "~0.10.x"

readable-stream@2:
  version "2.3.7"
  resolved "https://artifactory.ext.national.com.au:443/artifactory/api/npm/node/readable-stream/-/readable-stream-2.3.7.tgz#1eca1cf711aef814c04f62252a36a62f6cb23b57"
  integrity sha1-Hsoc9xGu+BTAT2IlKjamL2yyO1c=
  dependencies:
    core-util-is "~1.0.0"
    inherits "~2.0.3"
    isarray "~1.0.0"
    process-nextick-args "~2.0.0"
    safe-buffer "~5.1.1"
    string_decoder "~1.1.1"
    util-deprecate "~1.0.1"

regenerator-runtime@^0.13.4:
  version "0.13.5"
  resolved "https://artifactory.ext.national.com.au:443/artifactory/api/npm/node/regenerator-runtime/-/regenerator-runtime-0.13.5.tgz#d878a1d094b4306d10b9096484b33ebd55e26697"
  integrity sha1-2Hih0JS0MG0QuQlkhLM+vVXiZpc=

require-directory@^2.1.1:
  version "2.1.1"
  resolved "https://artifactory.ext.national.com.au:443/artifactory/api/npm/node/require-directory/-/require-directory-2.1.1.tgz#8c64ad5fd30dab1c976e2344ffe7f792a6a6df42"
  integrity sha1-jGStX9MNqxyXbiNE/+f3kqam30I=

require-main-filename@^2.0.0:
  version "2.0.0"
  resolved "https://artifactory.ext.national.com.au:443/artifactory/api/npm/node/require-main-filename/-/require-main-filename-2.0.0.tgz#d0b329ecc7cc0f61649f62215be69af54aa8989b"
  integrity sha1-0LMp7MfMD2Fkn2IhW+aa9UqomJs=

reusify@^1.0.4:
  version "1.0.4"
  resolved "https://artifactory.ext.national.com.au:443/artifactory/api/npm/node/reusify/-/reusify-1.0.4.tgz#90da382b1e126efc02146e90845a88db12925d76"
  integrity sha1-kNo4Kx4SbvwCFG6QhFqI2xKSXXY=

run-parallel@^1.1.9:
  version "1.1.9"
  resolved "https://artifactory.ext.national.com.au:443/artifactory/api/npm/node/run-parallel/-/run-parallel-1.1.9.tgz#c9dd3a7cf9f4b2c4b6244e173a6ed866e61dd679"
  integrity sha1-yd06fPn0ssS2JE4XOm7YZuYd1nk=

safe-buffer@~5.1.0, safe-buffer@~5.1.1:
  version "5.1.2"
  resolved "https://artifactory.ext.national.com.au:443/artifactory/api/npm/node/safe-buffer/-/safe-buffer-5.1.2.tgz#991ec69d296e0313747d59bdfd2b745c35f8828d"
  integrity sha1-mR7GnSluAxN0fVm9/St0XDX4go0=

safe-stable-stringify@^1.1:
  version "1.1.1"
  resolved "https://artifactory.ext.national.com.au:443/artifactory/api/npm/node/safe-stable-stringify/-/safe-stable-stringify-1.1.1.tgz#c8a220ab525cd94e60ebf47ddc404d610dc5d84a"
  integrity sha1-yKIgq1Jc2U5g6/R93EBNYQ3F2Eo=

"safer-buffer@>= 2.1.2 < 3":
  version "2.1.2"
  resolved "https://artifactory.ext.national.com.au:443/artifactory/api/npm/node/safer-buffer/-/safer-buffer-2.1.2.tgz#44fa161b0187b9549dd84bb91802f9bd8385cd6a"
  integrity sha1-RPoWGwGHuVSd2Eu5GAL5vYOFzWo=

set-blocking@^2.0.0:
  version "2.0.0"
  resolved "https://artifactory.ext.national.com.au:443/artifactory/api/npm/node/set-blocking/-/set-blocking-2.0.0.tgz#045f9782d011ae9a6803ddd382b24392b3d890f7"
  integrity sha1-BF+XgtARrppoA93TgrJDkrPYkPc=

setprototypeof@1.1.1:
  version "1.1.1"
  resolved "https://artifactory.ext.national.com.au:443/artifactory/api/npm/node/setprototypeof/-/setprototypeof-1.1.1.tgz#7e95acb24aa92f5885e0abef5ba131330d4ae683"
  integrity sha1-fpWsskqpL1iF4KvvW6ExMw1K5oM=

smart-buffer@^4.1.0:
  version "4.1.0"
  resolved "https://artifactory.ext.national.com.au:443/artifactory/api/npm/node/smart-buffer/-/smart-buffer-4.1.0.tgz#91605c25d91652f4661ea69ccf45f1b331ca21ba"
  integrity sha1-kWBcJdkWUvRmHqacz0XxszHKIbo=

socks-proxy-agent@^4.0.1:
  version "4.0.2"
  resolved "https://artifactory.ext.national.com.au:443/artifactory/api/npm/node/socks-proxy-agent/-/socks-proxy-agent-4.0.2.tgz#3c8991f3145b2799e70e11bd5fbc8b1963116386"
  integrity sha1-PImR8xRbJ5nnDhG9X7yLGWMRY4Y=
  dependencies:
    agent-base "~4.2.1"
    socks "~2.3.2"

socks@~2.3.2:
  version "2.3.3"
  resolved "https://artifactory.ext.national.com.au:443/artifactory/api/npm/node/socks/-/socks-2.3.3.tgz#01129f0a5d534d2b897712ed8aceab7ee65d78e3"
  integrity sha1-ARKfCl1TTSuJdxLtis6rfuZdeOM=
  dependencies:
    ip "1.1.5"
    smart-buffer "^4.1.0"

source-map@~0.6.1:
  version "0.6.1"
  resolved "https://artifactory.ext.national.com.au:443/artifactory/api/npm/node/source-map/-/source-map-0.6.1.tgz#74722af32e9614e9c287a8d0bbde48b5e2f1a263"
  integrity sha1-dHIq8y6WFOnCh6jQu95IteLxomM=

"statuses@>= 1.5.0 < 2":
  version "1.5.0"
  resolved "https://artifactory.ext.national.com.au:443/artifactory/api/npm/node/statuses/-/statuses-1.5.0.tgz#161c7dac177659fd9811f43771fa99381478628c"
  integrity sha1-Fhx9rBd2Wf2YEfQ3cfqZOBR4Yow=

string-width@^4.1.0, string-width@^4.2.0:
  version "4.2.0"
  resolved "https://artifactory.ext.national.com.au:443/artifactory/api/npm/node/string-width/-/string-width-4.2.0.tgz#952182c46cc7b2c313d1596e623992bd163b72b5"
  integrity sha1-lSGCxGzHssMT0VluYjmSvRY7crU=
  dependencies:
    emoji-regex "^8.0.0"
    is-fullwidth-code-point "^3.0.0"
    strip-ansi "^6.0.0"

string_decoder@~0.10.x:
  version "0.10.31"
  resolved "https://artifactory.ext.national.com.au:443/artifactory/api/npm/node/string_decoder/-/string_decoder-0.10.31.tgz#62e203bc41766c6c28c9fc84301dab1c5310fa94"
  integrity sha1-YuIDvEF2bGwoyfyEMB2rHFMQ+pQ=

string_decoder@~1.1.1:
  version "1.1.1"
  resolved "https://artifactory.ext.national.com.au:443/artifactory/api/npm/node/string_decoder/-/string_decoder-1.1.1.tgz#9cf1611ba62685d7030ae9e4ba34149c3af03fc8"
  integrity sha1-nPFhG6YmhdcDCunkujQUnDrwP8g=
  dependencies:
    safe-buffer "~5.1.0"

strip-ansi@^6.0, strip-ansi@^6.0.0:
  version "6.0.0"
  resolved "https://artifactory.ext.national.com.au:443/artifactory/api/npm/node/strip-ansi/-/strip-ansi-6.0.0.tgz#0b1571dd7669ccd4f3e06e14ef1eed26225ae532"
  integrity sha1-CxVx3XZpzNTz4G4U7x7tJiJa5TI=
  dependencies:
    ansi-regex "^5.0.0"

supports-color@^5.3.0:
  version "5.5.0"
  resolved "https://artifactory.ext.national.com.au:443/artifactory/api/npm/node/supports-color/-/supports-color-5.5.0.tgz#e2e69a44ac8772f78a1ec0b35b689df6530efc8f"
  integrity sha1-4uaaRKyHcveKHsCzW2id9lMO/I8=
  dependencies:
    has-flag "^3.0.0"

supports-color@^7.1.0:
  version "7.1.0"
  resolved "https://artifactory.ext.national.com.au:443/artifactory/api/npm/node/supports-color/-/supports-color-7.1.0.tgz#68e32591df73e25ad1c4b49108a2ec507962bfd1"
  integrity sha1-aOMlkd9z4lrRxLSRCKLsUHliv9E=
  dependencies:
    has-flag "^4.0.0"

text-table@^0.2:
  version "0.2.0"
  resolved "https://artifactory.ext.national.com.au:443/artifactory/api/npm/node/text-table/-/text-table-0.2.0.tgz#7f5ee823ae805207c00af2df4a84ec3fcfa570b4"
  integrity sha1-f17oI66AUgfACvLfSoTsP8+lcLQ=

thunkify@^2.1.2:
  version "2.1.2"
  resolved "https://artifactory.ext.national.com.au:443/artifactory/api/npm/node/thunkify/-/thunkify-2.1.2.tgz#faa0e9d230c51acc95ca13a361ac05ca7e04553d"
  integrity sha1-+qDp0jDFGsyVyhOjYawFyn4EVT0=

to-regex-range@^5.0.1:
  version "5.0.1"
  resolved "https://artifactory.ext.national.com.au:443/artifactory/api/npm/node/to-regex-range/-/to-regex-range-5.0.1.tgz#1648c44aae7c8d988a326018ed72f5b4dd0392e4"
  integrity sha1-FkjESq58jZiKMmAY7XL1tN0DkuQ=
  dependencies:
    is-number "^7.0.0"

toidentifier@1.0.0:
  version "1.0.0"
  resolved "https://artifactory.ext.national.com.au:443/artifactory/api/npm/node/toidentifier/-/toidentifier-1.0.0.tgz#7e1be3470f1e77948bc43d94a3c8f4d7752ba553"
  integrity sha1-fhvjRw8ed5SLxD2Uo8j013UrpVM=

tslib@^1.10.0:
  version "1.11.1"
  resolved "https://artifactory.ext.national.com.au:443/artifactory/api/npm/node/tslib/-/tslib-1.11.1.tgz#eb15d128827fbee2841549e171f45ed338ac7e35"
  integrity sha1-6xXRKIJ/vuKEFUnhcfRe0zisfjU=

type-check@~0.3.2:
  version "0.3.2"
  resolved "https://artifactory.ext.national.com.au:443/artifactory/api/npm/node/type-check/-/type-check-0.3.2.tgz#5884cab512cf1d355e3fb784f30804b2b520db72"
  integrity sha1-WITKtRLPHTVeP7eE8wgEsrUg23I=
  dependencies:
    prelude-ls "~1.1.2"

typescript@^3.8.3:
  version "3.8.3"
  resolved "https://artifactory.ext.national.com.au:443/artifactory/api/npm/node/typescript/-/typescript-3.8.3.tgz#409eb8544ea0335711205869ec458ab109ee1061"
  integrity sha1-QJ64VE6gM1cRIFhp7EWKsQnuEGE=

unpipe@1.0.0:
  version "1.0.0"
  resolved "https://artifactory.ext.national.com.au:443/artifactory/api/npm/node/unpipe/-/unpipe-1.0.0.tgz#b2bf4ee8514aae6165b4817829d21b2ef49904ec"
  integrity sha1-sr9O6FFKrmFltIF4KdIbLvSZBOw=

uri-js@^4.2.2:
  version "4.2.2"
  resolved "https://artifactory.ext.national.com.au:443/artifactory/api/npm/node/uri-js/-/uri-js-4.2.2.tgz#94c540e1ff772956e2299507c010aea6c8838eb0"
  integrity sha1-lMVA4f93KVbiKZUHwBCupsiDjrA=
  dependencies:
    punycode "^2.1.0"

urijs@~1.19.1:
  version "1.19.2"
  resolved "https://artifactory.ext.national.com.au:443/artifactory/api/npm/node/urijs/-/urijs-1.19.2.tgz#f9be09f00c4c5134b7cb3cf475c1dd394526265a"
  integrity sha1-+b4J8AxMUTS3yzz0dcHdOUUmJlo=

util-deprecate@~1.0.1:
  version "1.0.2"
  resolved "https://artifactory.ext.national.com.au:443/artifactory/api/npm/node/util-deprecate/-/util-deprecate-1.0.2.tgz#450d4dc9fa70de732762fbd2d4a28981419a0ccf"
  integrity sha1-RQ1Nyfpw3nMnYvvS1KKJgUGaDM8=

utility-types@^3.10.0:
  version "3.10.0"
  resolved "https://artifactory.ext.national.com.au:443/artifactory/api/npm/node/utility-types/-/utility-types-3.10.0.tgz#ea4148f9a741015f05ed74fd615e1d20e6bed82b"
  integrity sha1-6kFI+adBAV8F7XT9YV4dIOa+2Cs=

which-module@^2.0.0:
  version "2.0.0"
  resolved "https://artifactory.ext.national.com.au:443/artifactory/api/npm/node/which-module/-/which-module-2.0.0.tgz#d9ef07dce77b9902b8a3a8fa4b31c3e3f7e6e87a"
  integrity sha1-2e8H3Od7mQK4o6j6SzHD4/fm6Ho=

word-wrap@~1.2.3:
  version "1.2.3"
  resolved "https://artifactory.ext.national.com.au:443/artifactory/api/npm/node/word-wrap/-/word-wrap-1.2.3.tgz#610636f6b1f703891bd34771ccb17fb93b47079c"
  integrity sha1-YQY29rH3A4kb00dxzLF/uTtHB5w=

wrap-ansi@^6.2.0:
  version "6.2.0"
  resolved "https://artifactory.ext.national.com.au:443/artifactory/api/npm/node/wrap-ansi/-/wrap-ansi-6.2.0.tgz#e9393ba07102e6c91a3b221478f0257cd2856e53"
  integrity sha1-6Tk7oHEC5skaOyIUePAlfNKFblM=
  dependencies:
    ansi-styles "^4.0.0"
    string-width "^4.1.0"
    strip-ansi "^6.0.0"

xregexp@2.0.0:
  version "2.0.0"
  resolved "https://artifactory.ext.national.com.au:443/artifactory/api/npm/node/xregexp/-/xregexp-2.0.0.tgz#52a63e56ca0b84a7f3a5f3d61872f126ad7a5943"
  integrity sha1-UqY+VsoLhKfzpfPWGHLxJq16WUM=

y18n@^4.0.0:
  version "4.0.0"
  resolved "https://artifactory.ext.national.com.au:443/artifactory/api/npm/node/y18n/-/y18n-4.0.0.tgz#95ef94f85ecc81d007c264e190a120f0a3c8566b"
  integrity sha1-le+U+F7MgdAHwmThkKEg8KPIVms=

yallist@^3.0.2:
  version "3.1.1"
  resolved "https://artifactory.ext.national.com.au:443/artifactory/api/npm/node/yallist/-/yallist-3.1.1.tgz#dbb7daf9bfd8bac9ab45ebf602b8cbad0d5d08fd"
  integrity sha1-27fa+b/YusmrRev2ArjLrQ1dCP0=

yargs-parser@^18.1.1:
  version "18.1.2"
  resolved "https://artifactory.ext.national.com.au:443/artifactory/api/npm/node/yargs-parser/-/yargs-parser-18.1.2.tgz#2f482bea2136dbde0861683abea7756d30b504f1"
  integrity sha1-L0gr6iE2294IYWg6vqd1bTC1BPE=
  dependencies:
    camelcase "^5.0.0"
    decamelize "^1.2.0"

yargs@^15.0.2:
  version "15.3.1"
  resolved "https://artifactory.ext.national.com.au:443/artifactory/api/npm/node/yargs/-/yargs-15.3.1.tgz#9505b472763963e54afe60148ad27a330818e98b"
  integrity sha1-lQW0cnY5Y+VK/mAUitJ6MwgY6Ys=
  dependencies:
    cliui "^6.0.0"
    decamelize "^1.2.0"
    find-up "^4.1.0"
    get-caller-file "^2.0.1"
    require-directory "^2.1.1"
    require-main-filename "^2.0.0"
    set-blocking "^2.0.0"
    string-width "^4.2.0"
    which-module "^2.0.0"
    y18n "^4.0.0"
    yargs-parser "^18.1.1"
